
Microsoft Visual Studio Solution File, Format Version 12.00
# Visual Studio 15
VisualStudioVersion = 15.0.28307.1972
MinimumVisualStudioVersion = 10.0.40219.1
Project("{FAE04EC0-301F-11D3-BF4B-00C04F79EFBC}") = "ConsoleAppTest", "ConsoleAppTest\ConsoleAppTest.csproj", "{FA5AF6ED-A1B4-4FA3-A6DA-A4E36B43175B}"
EndProject
Global
	GlobalSection(SolutionConfigurationPlatforms) = preSolution
		Debug|Any CPU = Debug|Any CPU
		Release|Any CPU = Release|Any CPU
	EndGlobalSection
	GlobalSection(ProjectConfigurationPlatforms) = postSolution
		{FA5AF6ED-A1B4-4FA3-A6DA-A4E36B43175B}.Debug|Any CPU.ActiveCfg = Debug|Any CPU
		{FA5AF6ED-A1B4-4FA3-A6DA-A4E36B43175B}.Debug|Any CPU.Build.0 = Debug|Any CPU
		{FA5AF6ED-A1B4-4FA3-A6DA-A4E36B43175B}.Release|Any CPU.ActiveCfg = Release|Any CPU
		{FA5AF6ED-A1B4-4FA3-A6DA-A4E36B43175B}.Release|Any CPU.Build.0 = Release|Any CPU
	EndGlobalSection
	GlobalSection(SolutionProperties) = preSolution
		HideSolutionNode = FALSE
	EndGlobalSection
	GlobalSection(ExtensibilityGlobals) = postSolution
		SolutionGuid = {62DAB7BB-2ABF-4D19-B8F3-1D4FC7C0B6CA}
	EndGlobalSection
EndGlobal
