
Microsoft Visual Studio Solution File, Format Version 12.00
# Visual Studio Version 17
VisualStudioVersion = 17.6.33829.357
MinimumVisualStudioVersion = 10.0.40219.1
Project("{FAE04EC0-301F-11D3-BF4B-00C04F79EFBC}") = "ClassLibrary1", "ClassLibrary1\ClassLibrary1.csproj", "{83B2A43E-CA79-4CBC-AAB0-D39C431339F1}"
EndProject
Global
	GlobalSection(SolutionConfigurationPlatforms) = preSolution
		Debug|Any CPU = Debug|Any CPU
		Release|Any CPU = Release|Any CPU
	EndGlobalSection
	GlobalSection(ProjectConfigurationPlatforms) = postSolution
		{83B2A43E-CA79-4CBC-AAB0-D39C431339F1}.Debug|Any CPU.ActiveCfg = Debug|Any CPU
		{83B2A43E-CA79-4CBC-AAB0-D39C431339F1}.Debug|Any CPU.Build.0 = Debug|Any CPU
		{83B2A43E-CA79-4CBC-AAB0-D39C431339F1}.Release|Any CPU.ActiveCfg = Release|Any CPU
		{83B2A43E-CA79-4CBC-AAB0-D39C431339F1}.Release|Any CPU.Build.0 = Release|Any CPU
	EndGlobalSection
	GlobalSection(SolutionProperties) = preSolution
		HideSolutionNode = FALSE
	EndGlobalSection
	GlobalSection(ExtensibilityGlobals) = postSolution
		SolutionGuid = {DE985032-C91D-4071-841D-387D0BCE7DE7}
	EndGlobalSection
EndGlobal
