
Microsoft Visual Studio Solution File, Format Version 12.00
# Visual Studio 15
VisualStudioVersion = 15.0.28307.1972
MinimumVisualStudioVersion = 10.0.40219.1
Project("{FAE04EC0-301F-11D3-BF4B-00C04F79EFBC}") = "Time", "Time\Time.csproj", "{0BF13BA1-3B14-4716-A679-E237867DBA8B}"
EndProject
Global
	GlobalSection(SolutionConfigurationPlatforms) = preSolution
		Debug|Any CPU = Debug|Any CPU
		Release|Any CPU = Release|Any CPU
	EndGlobalSection
	GlobalSection(ProjectConfigurationPlatforms) = postSolution
		{0BF13BA1-3B14-4716-A679-E237867DBA8B}.Debug|Any CPU.ActiveCfg = Debug|Any CPU
		{0BF13BA1-3B14-4716-A679-E237867DBA8B}.Debug|Any CPU.Build.0 = Debug|Any CPU
		{0BF13BA1-3B14-4716-A679-E237867DBA8B}.Release|Any CPU.ActiveCfg = Release|Any CPU
		{0BF13BA1-3B14-4716-A679-E237867DBA8B}.Release|Any CPU.Build.0 = Release|Any CPU
	EndGlobalSection
	GlobalSection(SolutionProperties) = preSolution
		HideSolutionNode = FALSE
	EndGlobalSection
	GlobalSection(ExtensibilityGlobals) = postSolution
		SolutionGuid = {0110703F-BD5F-4E54-9BD9-F63F6A37963A}
	EndGlobalSection
EndGlobal
